
Microsoft Visual Studio Solution File, Format Version 11.00
# Visual Web Developer Express 2010
Project("{FAE04EC0-301F-11D3-BF4B-00C04F79EFBC}") = "OnlineImageLibrary.Domain", "OnlineImageLibrary.Domain\OnlineImageLibrary.Domain.csproj", "{A3C3B898-7F52-4282-A989-D10B1774FB6B}"
EndProject
Project("{FAE04EC0-301F-11D3-BF4B-00C04F79EFBC}") = "OnlineImageLibrary.WebUI", "OnlineImageLibrary.WebUI\OnlineImageLibrary.WebUI.csproj", "{A4DC3911-6030-4F6E-9A0E-96A71AA7C712}"
EndProject
Global
	GlobalSection(SolutionConfigurationPlatforms) = preSolution
		Debug|Any CPU = Debug|Any CPU
		Release|Any CPU = Release|Any CPU
	EndGlobalSection
	GlobalSection(ProjectConfigurationPlatforms) = postSolution
		{A3C3B898-7F52-4282-A989-D10B1774FB6B}.Debug|Any CPU.ActiveCfg = Debug|Any CPU
		{A3C3B898-7F52-4282-A989-D10B1774FB6B}.Debug|Any CPU.Build.0 = Debug|Any CPU
		{A3C3B898-7F52-4282-A989-D10B1774FB6B}.Release|Any CPU.ActiveCfg = Release|Any CPU
		{A3C3B898-7F52-4282-A989-D10B1774FB6B}.Release|Any CPU.Build.0 = Release|Any CPU
		{A4DC3911-6030-4F6E-9A0E-96A71AA7C712}.Debug|Any CPU.ActiveCfg = Debug|Any CPU
		{A4DC3911-6030-4F6E-9A0E-96A71AA7C712}.Debug|Any CPU.Build.0 = Debug|Any CPU
		{A4DC3911-6030-4F6E-9A0E-96A71AA7C712}.Release|Any CPU.ActiveCfg = Release|Any CPU
		{A4DC3911-6030-4F6E-9A0E-96A71AA7C712}.Release|Any CPU.Build.0 = Release|Any CPU
	EndGlobalSection
	GlobalSection(SolutionProperties) = preSolution
		HideSolutionNode = FALSE
	EndGlobalSection
EndGlobal
